{
  "name": "polymer-starter-kit",
  "requires": true,
  "lockfileVersion": 1,
  "dependencies": {
    "social-button": {
      "version": "0.2.0",
      "resolved": "https://registry.npmjs.org/social-button/-/social-button-0.2.0.tgz",
      "integrity": "sha1-vS9awVeJHckY2imgPLJAJ7Np/rg="
    }
  }
}
